
Microsoft Visual Studio Solution File, Format Version 12.00
# Visual Studio Version 17
VisualStudioVersion = 17.10.35027.167
MinimumVisualStudioVersion = 10.0.40219.1
Project("{FAE04EC0-301F-11D3-BF4B-00C04F79EFBC}") = "lab7", "lab7\lab7.csproj", "{75610425-D489-440E-AE42-7FB3E06FE193}"
EndProject
Global
	GlobalSection(SolutionConfigurationPlatforms) = preSolution
		Debug|Any CPU = Debug|Any CPU
		Release|Any CPU = Release|Any CPU
	EndGlobalSection
	GlobalSection(ProjectConfigurationPlatforms) = postSolution
		{75610425-D489-440E-AE42-7FB3E06FE193}.Debug|Any CPU.ActiveCfg = Debug|Any CPU
		{75610425-D489-440E-AE42-7FB3E06FE193}.Debug|Any CPU.Build.0 = Debug|Any CPU
		{75610425-D489-440E-AE42-7FB3E06FE193}.Release|Any CPU.ActiveCfg = Release|Any CPU
		{75610425-D489-440E-AE42-7FB3E06FE193}.Release|Any CPU.Build.0 = Release|Any CPU
	EndGlobalSection
	GlobalSection(SolutionProperties) = preSolution
		HideSolutionNode = FALSE
	EndGlobalSection
	GlobalSection(ExtensibilityGlobals) = postSolution
		SolutionGuid = {443D33AB-8EBF-4E5F-98B6-B771816F5626}
	EndGlobalSection
EndGlobal
